
Microsoft Visual Studio Solution File, Format Version 12.00
# Visual Studio Version 17
VisualStudioVersion = 17.5.33516.290
MinimumVisualStudioVersion = 10.0.40219.1
Project("{9A19103F-16F7-4668-BE54-9A1E7A4F7556}") = "VoxelNow.Client", "VoxelNow.Client\VoxelNow.Client.csproj", "{92955638-64DC-41CD-AF55-3F22A5BDB75A}"
EndProject
Project("{9A19103F-16F7-4668-BE54-9A1E7A4F7556}") = "VoxelNow.Server", "VoxelNow.Server\VoxelNow.Server.csproj", "{385AF6BC-6948-46E5-ADAD-1FFFD7B6D4B3}"
EndProject
Project("{9A19103F-16F7-4668-BE54-9A1E7A4F7556}") = "VoxelNow.Rendering", "VoxelNow.Rendering\VoxelNow.Rendering.csproj", "{B5B9BF5D-5014-44F7-9132-3AE72DC87343}"
EndProject
Project("{9A19103F-16F7-4668-BE54-9A1E7A4F7556}") = "VoxelNow.Assets", "VoxelNow.Assets\VoxelNow.Assets.csproj", "{869E82CC-83FF-46BB-A38F-709295F905E7}"
EndProject
Project("{9A19103F-16F7-4668-BE54-9A1E7A4F7556}") = "VoxelNow.Core", "VoxelNow.Core\VoxelNow.Core.csproj", "{BDF6DB58-BF98-4E2B-9ED2-1D41CDBF0DE9}"
EndProject
Project("{9A19103F-16F7-4668-BE54-9A1E7A4F7556}") = "VoxelNow.API", "VoxelNow.API\VoxelNow.API.csproj", "{99913E62-D534-4D88-9894-1EBE31A31198}"
EndProject
Project("{FAE04EC0-301F-11D3-BF4B-00C04F79EFBC}") = "VoxelNow.Networking", "VoxelNow.Networking\VoxelNow.Networking.csproj", "{DA8B08B5-A120-438D-8105-6B41F98C8D38}"
EndProject
Global
	GlobalSection(SolutionConfigurationPlatforms) = preSolution
		Debug|Any CPU = Debug|Any CPU
		Release|Any CPU = Release|Any CPU
	EndGlobalSection
	GlobalSection(ProjectConfigurationPlatforms) = postSolution
		{92955638-64DC-41CD-AF55-3F22A5BDB75A}.Debug|Any CPU.ActiveCfg = Debug|Any CPU
		{92955638-64DC-41CD-AF55-3F22A5BDB75A}.Debug|Any CPU.Build.0 = Debug|Any CPU
		{92955638-64DC-41CD-AF55-3F22A5BDB75A}.Release|Any CPU.ActiveCfg = Release|Any CPU
		{92955638-64DC-41CD-AF55-3F22A5BDB75A}.Release|Any CPU.Build.0 = Release|Any CPU
		{385AF6BC-6948-46E5-ADAD-1FFFD7B6D4B3}.Debug|Any CPU.ActiveCfg = Debug|Any CPU
		{385AF6BC-6948-46E5-ADAD-1FFFD7B6D4B3}.Debug|Any CPU.Build.0 = Debug|Any CPU
		{385AF6BC-6948-46E5-ADAD-1FFFD7B6D4B3}.Release|Any CPU.ActiveCfg = Release|Any CPU
		{385AF6BC-6948-46E5-ADAD-1FFFD7B6D4B3}.Release|Any CPU.Build.0 = Release|Any CPU
		{B5B9BF5D-5014-44F7-9132-3AE72DC87343}.Debug|Any CPU.ActiveCfg = Debug|Any CPU
		{B5B9BF5D-5014-44F7-9132-3AE72DC87343}.Debug|Any CPU.Build.0 = Debug|Any CPU
		{B5B9BF5D-5014-44F7-9132-3AE72DC87343}.Release|Any CPU.ActiveCfg = Release|Any CPU
		{B5B9BF5D-5014-44F7-9132-3AE72DC87343}.Release|Any CPU.Build.0 = Release|Any CPU
		{869E82CC-83FF-46BB-A38F-709295F905E7}.Debug|Any CPU.ActiveCfg = Debug|Any CPU
		{869E82CC-83FF-46BB-A38F-709295F905E7}.Debug|Any CPU.Build.0 = Debug|Any CPU
		{869E82CC-83FF-46BB-A38F-709295F905E7}.Release|Any CPU.ActiveCfg = Release|Any CPU
		{869E82CC-83FF-46BB-A38F-709295F905E7}.Release|Any CPU.Build.0 = Release|Any CPU
		{BDF6DB58-BF98-4E2B-9ED2-1D41CDBF0DE9}.Debug|Any CPU.ActiveCfg = Debug|Any CPU
		{BDF6DB58-BF98-4E2B-9ED2-1D41CDBF0DE9}.Debug|Any CPU.Build.0 = Debug|Any CPU
		{BDF6DB58-BF98-4E2B-9ED2-1D41CDBF0DE9}.Release|Any CPU.ActiveCfg = Release|Any CPU
		{BDF6DB58-BF98-4E2B-9ED2-1D41CDBF0DE9}.Release|Any CPU.Build.0 = Release|Any CPU
		{99913E62-D534-4D88-9894-1EBE31A31198}.Debug|Any CPU.ActiveCfg = Debug|Any CPU
		{99913E62-D534-4D88-9894-1EBE31A31198}.Debug|Any CPU.Build.0 = Debug|Any CPU
		{99913E62-D534-4D88-9894-1EBE31A31198}.Release|Any CPU.ActiveCfg = Release|Any CPU
		{99913E62-D534-4D88-9894-1EBE31A31198}.Release|Any CPU.Build.0 = Release|Any CPU
		{DA8B08B5-A120-438D-8105-6B41F98C8D38}.Debug|Any CPU.ActiveCfg = Debug|Any CPU
		{DA8B08B5-A120-438D-8105-6B41F98C8D38}.Debug|Any CPU.Build.0 = Debug|Any CPU
		{DA8B08B5-A120-438D-8105-6B41F98C8D38}.Release|Any CPU.ActiveCfg = Release|Any CPU
		{DA8B08B5-A120-438D-8105-6B41F98C8D38}.Release|Any CPU.Build.0 = Release|Any CPU
	EndGlobalSection
	GlobalSection(SolutionProperties) = preSolution
		HideSolutionNode = FALSE
	EndGlobalSection
	GlobalSection(ExtensibilityGlobals) = postSolution
		SolutionGuid = {12DFCEC7-6C81-4727-BD7E-101D4ED8E1C4}
	EndGlobalSection
EndGlobal
